version = 1
revision = 3
requires-python = ">=3.14"

[[package]]
name = "annotated-types"
version = "0.7.0"
source = { registry = "https://pypi.org/simple" }
sdist = { url = "https://files.pythonhosted.org/packages/ee/67/531ea369ba64dcff5ec9c3402f9f51bf748cec26dde048a2f973a4eea7f5/annotated_types-0.7.0.tar.gz", hash = "sha256:aff07c09a53a08bc8cfccb9c85b05f1aa9a2a6f23728d790723543408344ce89", size = 16081, upload-time = "2024-05-20T21:33:25.928Z" }
wheels = [
    { url = "https://files.pythonhosted.org/packages/78/b6/6307fbef88d9b5ee7421e68d78a9f162e0da4900bc5f5793f6d3d0e34fb8/annotated_types-0.7.0-py3-none-any.whl", hash = "sha256:1f02e8b43a8fbbc3f3e0d4f0f4bfc8131bcb4eebe8849b8e5c773f3a1c582a53", size = 13643, upload-time = "2024-05-20T21:33:24.1Z" },
]

[[package]]
name = "click"
version = "8.3.2"
source = { registry = "https://pypi.org/simple" }
dependencies = [
    { name = "colorama", marker = "sys_platform == 'win32'" },
]
sdist = { url = "https://files.pythonhosted.org/packages/57/75/31212c6bf2503fdf920d87fee5d7a86a2e3bcf444984126f13d8e4016804/click-8.3.2.tar.gz", hash = "sha256:14162b8b3b3550a7d479eafa77dfd3c38d9dc8951f6f69c78913a8f9a7540fd5", size = 302856, upload-time = "2026-04-03T19:14:45.118Z" }
wheels = [
    { url = "https://files.pythonhosted.org/packages/e4/20/71885d8b97d4f3dde17b1fdb92dbd4908b00541c5a3379787137285f602e/click-8.3.2-py3-none-any.whl", hash = "sha256:1924d2c27c5653561cd2cae4548d1406039cb79b858b747cfea24924bbc1616d", size = 108379, upload-time = "2026-04-03T19:14:43.505Z" },
]

[[package]]
name = "colorama"
version = "0.4.6"
source = { registry = "https://pypi.org/simple" }
sdist = { url = "https://files.pythonhosted.org/packages/d8/53/6f443c9a4a8358a93a6792e2acffb9d9d5cb0a5cfd8802644b7b1c9a02e4/colorama-0.4.6.tar.gz", hash = "sha256:08695f5cb7ed6e0531a20572697297273c47b8cae5a63ffc6d6ed5c201be6e44", size = 27697, upload-time = "2022-10-25T02:36:22.414Z" }
wheels = [
    { url = "https://files.pythonhosted.org/packages/d1/d6/3965ed04c63042e047cb6a3e6ed1a63a35087b6a609aa3a15ed8ac56c221/colorama-0.4.6-py2.py3-none-any.whl", hash = "sha256:4f1d9991f5acc0ca119f9d443620b77f9d6b33703e51011c16baf57afb285fc6", size = 25335, upload-time = "2022-10-25T02:36:20.889Z" },
]

[[package]]
name = "deepmerge"
version = "2.0"
source = { registry = "https://pypi.org/simple" }
sdist = { url = "https://files.pythonhosted.org/packages/a8/3a/b0ba594708f1ad0bc735884b3ad854d3ca3bdc1d741e56e40bbda6263499/deepmerge-2.0.tar.gz", hash = "sha256:5c3d86081fbebd04dd5de03626a0607b809a98fb6ccba5770b62466fe940ff20", size = 19890, upload-time = "2024-08-30T05:31:50.308Z" }
wheels = [
    { url = "https://files.pythonhosted.org/packages/2d/82/e5d2c1c67d19841e9edc74954c827444ae826978499bde3dfc1d007c8c11/deepmerge-2.0-py3-none-any.whl", hash = "sha256:6de9ce507115cff0bed95ff0ce9ecc31088ef50cbdf09bc90a09349a318b3d00", size = 13475, upload-time = "2024-08-30T05:31:48.659Z" },
]

[[package]]
name = "iniconfig"
version = "2.3.0"
source = { registry = "https://pypi.org/simple" }
sdist = { url = "https://files.pythonhosted.org/packages/72/34/14ca021ce8e5dfedc35312d08ba8bf51fdd999c576889fc2c24cb97f4f10/iniconfig-2.3.0.tar.gz", hash = "sha256:c76315c77db068650d49c5b56314774a7804df16fee4402c1f19d6d15d8c4730", size = 20503, upload-time = "2025-10-18T21:55:43.219Z" }
wheels = [
    { url = "https://files.pythonhosted.org/packages/cb/b1/3846dd7f199d53cb17f49cba7e651e9ce294d8497c8c150530ed11865bb8/iniconfig-2.3.0-py3-none-any.whl", hash = "sha256:f631c04d2c48c52b84d0d0549c99ff3859c98df65b3101406327ecc7d53fbf12", size = 7484, upload-time = "2025-10-18T21:55:41.639Z" },
]

[[package]]
name = "markdown"
version = "3.10.2"
source = { registry = "https://pypi.org/simple" }
sdist = { url = "https://files.pythonhosted.org/packages/2b/f4/69fa6ed85ae003c2378ffa8f6d2e3234662abd02c10d216c0ba96081a238/markdown-3.10.2.tar.gz", hash = "sha256:994d51325d25ad8aa7ce4ebaec003febcce822c3f8c911e3b17c52f7f589f950", size = 368805, upload-time = "2026-02-09T14:57:26.942Z" }
wheels = [
    { url = "https://files.pythonhosted.org/packages/de/1f/77fa3081e4f66ca3576c896ae5d31c3002ac6607f9747d2e3aa49227e464/markdown-3.10.2-py3-none-any.whl", hash = "sha256:e91464b71ae3ee7afd3017d9f358ef0baf158fd9a298db92f1d4761133824c36", size = 108180, upload-time = "2026-02-09T14:57:25.787Z" },
]

[[package]]
name = "nats-py"
version = "2.14.0"
source = { registry = "https://pypi.org/simple" }
sdist = { url = "https://files.pythonhosted.org/packages/c3/f8/b956c4621ba88748ed707c52e69f95b7a50c8914e750edca59a5bef84a76/nats_py-2.14.0.tar.gz", hash = "sha256:4ed02cb8e3b55c68074a063aa2687087115d805d1513297da90cb2068fb07bed", size = 120751, upload-time = "2026-02-23T22:44:58.988Z" }
wheels = [
    { url = "https://files.pythonhosted.org/packages/f9/39/0e87753df1072254bac190b33ed34b264f28f6aa9bea0f01b7e818071756/nats_py-2.14.0-py3-none-any.whl", hash = "sha256:4116f5d2233ce16e63c3d5538fa40a5e207f75fcf42a741773929ddf1e29d19d", size = 82259, upload-time = "2026-02-23T22:45:00.152Z" },
]

[[package]]
name = "packaging"
version = "26.1"
source = { registry = "https://pypi.org/simple" }
sdist = { url = "https://files.pythonhosted.org/packages/df/de/0d2b39fb4af88a0258f3bac87dfcbb48e73fbdea4a2ed0e2213f9a4c2f9a/packaging-26.1.tar.gz", hash = "sha256:f042152b681c4bfac5cae2742a55e103d27ab2ec0f3d88037136b6bfe7c9c5de", size = 215519, upload-time = "2026-04-14T21:12:49.362Z" }
wheels = [
    { url = "https://files.pythonhosted.org/packages/7a/c2/920ef838e2f0028c8262f16101ec09ebd5969864e5a64c4c05fad0617c56/packaging-26.1-py3-none-any.whl", hash = "sha256:5d9c0669c6285e491e0ced2eee587eaf67b670d94a19e94e3984a481aba6802f", size = 95831, upload-time = "2026-04-14T21:12:47.56Z" },
]

[[package]]
name = "pastel"
version = "0.2.1"
source = { registry = "https://pypi.org/simple" }
sdist = { url = "https://files.pythonhosted.org/packages/76/f1/4594f5e0fcddb6953e5b8fe00da8c317b8b41b547e2b3ae2da7512943c62/pastel-0.2.1.tar.gz", hash = "sha256:e6581ac04e973cac858828c6202c1e1e81fee1dc7de7683f3e1ffe0bfd8a573d", size = 7555, upload-time = "2020-09-16T19:21:12.43Z" }
wheels = [
    { url = "https://files.pythonhosted.org/packages/aa/18/a8444036c6dd65ba3624c63b734d3ba95ba63ace513078e1580590075d21/pastel-0.2.1-py2.py3-none-any.whl", hash = "sha256:4349225fcdf6c2bb34d483e523475de5bb04a5c10ef711263452cb37d7dd4364", size = 5955, upload-time = "2020-09-16T19:21:11.409Z" },
]

[[package]]
name = "pluggy"
version = "1.6.0"
source = { registry = "https://pypi.org/simple" }
sdist = { url = "https://files.pythonhosted.org/packages/f9/e2/3e91f31a7d2b083fe6ef3fa267035b518369d9511ffab804f839851d2779/pluggy-1.6.0.tar.gz", hash = "sha256:7dcc130b76258d33b90f61b658791dede3486c3e6bfb003ee5c9bfb396dd22f3", size = 69412, upload-time = "2025-05-15T12:30:07.975Z" }
wheels = [
    { url = "https://files.pythonhosted.org/packages/54/20/4d324d65cc6d9205fabedc306948156824eb9f0ee1633355a8f7ec5c66bf/pluggy-1.6.0-py3-none-any.whl", hash = "sha256:e920276dd6813095e9377c0bc5566d94c932c33b27a3e3945d8389c374dd4746", size = 20538, upload-time = "2025-05-15T12:30:06.134Z" },
]

[[package]]
name = "poethepoet"
version = "0.44.0"
source = { registry = "https://pypi.org/simple" }
dependencies = [
    { name = "pastel" },
    { name = "pyyaml" },
]
sdist = { url = "https://files.pythonhosted.org/packages/a1/a4/e487662f12a5ecd2ac4d77f7697e4bda481953bb80032b158e5ab55173d4/poethepoet-0.44.0.tar.gz", hash = "sha256:c2667b513621788fb46482e371cdf81c0b04344e0e0bcb7aa8af45f84c2fce7b", size = 96040, upload-time = "2026-04-06T19:40:58.908Z" }
wheels = [
    { url = "https://files.pythonhosted.org/packages/80/b7/503b7d3a51b0de9a329f1323048d166e309a97bb31bdc60e6acd11d2c71f/poethepoet-0.44.0-py3-none-any.whl", hash = "sha256:36d3d834708ed069ac1e4f8ed77915c55265b7b6e01aeb2fe617c9fe9cfd524a", size = 122873, upload-time = "2026-04-06T19:40:57.369Z" },
]

[[package]]
name = "pydantic"
version = "2.13.1"
source = { registry = "https://pypi.org/simple" }
dependencies = [
    { name = "annotated-types" },
    { name = "pydantic-core" },
    { name = "typing-extensions" },
    { name = "typing-inspection" },
]
sdist = { url = "https://files.pythonhosted.org/packages/f3/6b/1353beb3d1cd5cf61cdec5b6f87a9872399de3bc5cae0b7ce07ff4de2ab0/pydantic-2.13.1.tar.gz", hash = "sha256:a0f829b279ddd1e39291133fe2539d2aa46cc6b150c1706a270ff0879e3774d2", size = 843746, upload-time = "2026-04-15T14:57:19.398Z" }
wheels = [
    { url = "https://files.pythonhosted.org/packages/81/5a/2225f4c176dbfed0d809e848b50ef08f70e61daa667b7fa14b0d311ae44d/pydantic-2.13.1-py3-none-any.whl", hash = "sha256:9557ecc2806faaf6037f85b1fbd963d01e30511c48085f0d573650fdeaad378a", size = 471917, upload-time = "2026-04-15T14:57:17.277Z" },
]

[[package]]
name = "pydantic-core"
version = "2.46.1"
source = { registry = "https://pypi.org/simple" }
dependencies = [
    { name = "typing-extensions" },
]
sdist = { url = "https://files.pythonhosted.org/packages/a1/93/f97a86a7eb28faa1d038af2fd5d6166418b4433659108a4c311b57128b2d/pydantic_core-2.46.1.tar.gz", hash = "sha256:d408153772d9f298098fb5d620f045bdf0f017af0d5cb6e309ef8c205540caa4", size = 471230, upload-time = "2026-04-15T14:49:34.52Z" }
wheels = [
    { url = "https://files.pythonhosted.org/packages/bd/2b/6793fe89ab66cb2d3d6e5768044eab80bba1d0fae8fd904d0a1574712e17/pydantic_core-2.46.1-cp314-cp314-macosx_10_12_x86_64.whl", hash = "sha256:9917cb61effac7ec0f448ef491ec7584526d2193be84ff981e85cbf18b68c42a", size = 2118110, upload-time = "2026-04-15T14:50:52.947Z" },
    { url = "https://files.pythonhosted.org/packages/d2/87/e9a905ddfcc2fd7bd862b340c02be6ab1f827922822d425513635d0ac774/pydantic_core-2.46.1-cp314-cp314-macosx_11_0_arm64.whl", hash = "sha256:0e749679ca9f8a9d0bff95fb7f6b57bb53f2207fa42ffcc1ec86de7e0029ab89", size = 1948645, upload-time = "2026-04-15T14:51:55.577Z" },
    { url = "https://files.pythonhosted.org/packages/15/23/26e67f86ed62ac9d6f7f3091ee5220bf14b5ac36fb811851d601365ef896/pydantic_core-2.46.1-cp314-cp314-manylinux_2_17_aarch64.manylinux2014_aarch64.whl", hash = "sha256:f2ecacee70941e233a2dad23f7796a06f86cc10cc2fbd1c97c7dd5b5a79ffa4f", size = 1977576, upload-time = "2026-04-15T14:49:37.58Z" },
    { url = "https://files.pythonhosted.org/packages/b8/78/813c13c0de323d4de54ee2e6fdd69a0271c09ac8dd65a8a000931aa487a5/pydantic_core-2.46.1-cp314-cp314-manylinux_2_17_armv7l.manylinux2014_armv7l.whl", hash = "sha256:647d0a2475b8ed471962eed92fa69145b864942f9c6daa10f95ac70676637ae7", size = 2060358, upload-time = "2026-04-15T14:51:40.087Z" },
    { url = "https://files.pythonhosted.org/packages/09/5e/4caf2a15149271fbd2b4d968899a450853c800b85152abcf54b11531417f/pydantic_core-2.46.1-cp314-cp314-manylinux_2_17_ppc64le.manylinux2014_ppc64le.whl", hash = "sha256:ac9cde61965b0697fce6e6cc372df9e1ad93734828aac36e9c1c42a22ad02897", size = 2235980, upload-time = "2026-04-15T14:50:34.535Z" },
    { url = "https://files.pythonhosted.org/packages/c2/c1/a2cdabb5da6f5cb63a3558bcafffc20f790fa14ccffbefbfb1370fadc93f/pydantic_core-2.46.1-cp314-cp314-manylinux_2_17_s390x.manylinux2014_s390x.whl", hash = "sha256:0a2eb0864085f8b641fb3f54a2fb35c58aff24b175b80bc8a945050fcde03204", size = 2316800, upload-time = "2026-04-15T14:52:46.999Z" },
    { url = "https://files.pythonhosted.org/packages/76/fd/19d711e4e9331f9d77f222bffc202bf30ea0d74f6419046376bb82f244c8/pydantic_core-2.46.1-cp314-cp314-manylinux_2_17_x86_64.manylinux2014_x86_64.whl", hash = "sha256:b83ce9fede4bc4fb649281d9857f06d30198b8f70168f18b987518d713111572", size = 2101762, upload-time = "2026-04-15T14:49:24.278Z" },
    { url = "https://files.pythonhosted.org/packages/dc/64/ce95625448e1a4e219390a2923fd594f3fa368599c6b42ac71a5df7238c9/pydantic_core-2.46.1-cp314-cp314-manylinux_2_31_riscv64.whl", hash = "sha256:cb33192753c60f269d2f4a1db8253c95b0df6e04f2989631a8cc1b0f4f6e2e92", size = 2167737, upload-time = "2026-04-15T14:50:41.637Z" },
    { url = "https://files.pythonhosted.org/packages/ad/31/413572d03ca3e73b408f00f54418b91a8be6401451bc791eaeff210328e5/pydantic_core-2.46.1-cp314-cp314-manylinux_2_5_i686.manylinux1_i686.whl", hash = "sha256:96611d51f953f87e1ae97637c01ee596a08b7f494ea00a5afb67ea6547b9f53b", size = 2185658, upload-time = "2026-04-15T14:51:46.799Z" },
    { url = "https://files.pythonhosted.org/packages/36/09/e4f581353bdf3f0c7de8a8b27afd14fc761da29d78146376315a6fedc487/pydantic_core-2.46.1-cp314-cp314-musllinux_1_1_aarch64.whl", hash = "sha256:9b176fa55f9107db5e6c86099aa5bfd934f1d3ba6a8b43f714ddeebaed3f42b7", size = 2184154, upload-time = "2026-04-15T14:52:49.629Z" },
    { url = "https://files.pythonhosted.org/packages/1a/a4/d0d52849933f5a4bf1ad9d8da612792f96469b37e286a269e3ee9c60bbb1/pydantic_core-2.46.1-cp314-cp314-musllinux_1_1_armv7l.whl", hash = "sha256:79a59f63a4ce4f3330e27e6f3ce281dd1099453b637350e97d7cf24c207cd120", size = 2332379, upload-time = "2026-04-15T14:49:55.009Z" },
    { url = "https://files.pythonhosted.org/packages/30/93/25bfb08fdbef419f73290e573899ce938a327628c34e8f3a4bafeea30126/pydantic_core-2.46.1-cp314-cp314-musllinux_1_1_x86_64.whl", hash = "sha256:f200fce071808a385a314b7343f5e3688d7c45746be3d64dc71ee2d3e2a13268", size = 2377964, upload-time = "2026-04-15T14:51:59.649Z" },
    { url = "https://files.pythonhosted.org/packages/15/36/b777766ff83fef1cf97473d64764cd44f38e0d8c269ed06faace9ae17666/pydantic_core-2.46.1-cp314-cp314-win32.whl", hash = "sha256:3a07eccc0559fb9acc26d55b16bf8ebecd7f237c74a9e2c5741367db4e6d8aff", size = 1976450, upload-time = "2026-04-15T14:51:57.665Z" },
    { url = "https://files.pythonhosted.org/packages/7b/4b/4cd19d2437acfc18ca166db5a2067040334991eb862c4ecf2db098c91fbf/pydantic_core-2.46.1-cp314-cp314-win_amd64.whl", hash = "sha256:1706d270309ac7d071ffe393988c471363705feb3d009186e55d17786ada9622", size = 2067750, upload-time = "2026-04-15T14:49:38.941Z" },
    { url = "https://files.pythonhosted.org/packages/7f/a0/490751c0ef8f5b27aae81731859aed1508e72c1a9b5774c6034269db773b/pydantic_core-2.46.1-cp314-cp314-win_arm64.whl", hash = "sha256:22d4e7457ade8af06528012f382bc994a97cc2ce6e119305a70b3deff1e409d6", size = 2021109, upload-time = "2026-04-15T14:50:27.728Z" },
    { url = "https://files.pythonhosted.org/packages/36/3a/2a018968245fffd25d5f1972714121ad309ff2de19d80019ad93494844f9/pydantic_core-2.46.1-cp314-cp314t-macosx_10_12_x86_64.whl", hash = "sha256:607ff9db0b7e2012e7eef78465e69f9a0d7d1c3e7c6a84cf0c4011db0fcc3feb", size = 2111548, upload-time = "2026-04-15T14:52:08.273Z" },
    { url = "https://files.pythonhosted.org/packages/77/5b/4103b6192213217e874e764e5467d2ff10d8873c1147d01fa432ac281880/pydantic_core-2.46.1-cp314-cp314t-macosx_11_0_arm64.whl", hash = "sha256:8cda3eacaea13bd02a1bea7e457cc9fc30b91c5a91245cef9b215140f80dd78c", size = 1926745, upload-time = "2026-04-15T14:50:03.045Z" },
    { url = "https://files.pythonhosted.org/packages/c3/70/602a667cf4be4bec6c3334512b12ae4ea79ce9bfe41dc51be1fd34434453/pydantic_core-2.46.1-cp314-cp314t-manylinux_2_17_aarch64.manylinux2014_aarch64.whl", hash = "sha256:b9493279cdc7997fe19e5ed9b41f30cbc3806bd4722adb402fedb6f6d41bd72a", size = 1965922, upload-time = "2026-04-15T14:51:12.555Z" },
    { url = "https://files.pythonhosted.org/packages/a9/24/06a89ce5323e755b7d2812189f9706b87aaebe49b34d247b380502f7992c/pydantic_core-2.46.1-cp314-cp314t-manylinux_2_17_armv7l.manylinux2014_armv7l.whl", hash = "sha256:3644e5e10059999202355b6c6616e624909e23773717d8f76deb8a6e2a72328c", size = 2043221, upload-time = "2026-04-15T14:51:18.995Z" },
    { url = "https://files.pythonhosted.org/packages/2c/6e/b1d9ad907d9d76964903903349fd2e33c87db4b993cc44713edcad0fc488/pydantic_core-2.46.1-cp314-cp314t-manylinux_2_17_ppc64le.manylinux2014_ppc64le.whl", hash = "sha256:4ad6c9de57683e26c92730991960c0c3571b8053263b042de2d3e105930b2767", size = 2243655, upload-time = "2026-04-15T14:50:10.718Z" },
    { url = "https://files.pythonhosted.org/packages/ef/73/787abfaad51174641abb04c8aa125322279b40ad7ce23c495f5a69f76554/pydantic_core-2.46.1-cp314-cp314t-manylinux_2_17_s390x.manylinux2014_s390x.whl", hash = "sha256:557ebaa27c7617e7088002318c679a8ce685fa048523417cd1ca52b7f516d955", size = 2295976, upload-time = "2026-04-15T14:53:09.694Z" },
    { url = "https://files.pythonhosted.org/packages/56/0b/b7c5a631b6d5153d4a1ea4923b139aea256dc3bd99c8e6c7b312c7733146/pydantic_core-2.46.1-cp314-cp314t-manylinux_2_17_x86_64.manylinux2014_x86_64.whl", hash = "sha256:3cd37e39b22b796ba0298fe81e9421dd7b65f97acfbb0fb19b33ffdda7b9a7b4", size = 2103439, upload-time = "2026-04-15T14:50:08.32Z" },
    { url = "https://files.pythonhosted.org/packages/2a/3f/952ee470df69e5674cdec1cbde22331adf643b5cc2ff79f4292d80146ee4/pydantic_core-2.46.1-cp314-cp314t-manylinux_2_31_riscv64.whl", hash = "sha256:6689443b59714992e67d62505cdd2f952d6cf1c14cc9fd9aeec6719befc6f23b", size = 2132871, upload-time = "2026-04-15T14:50:24.445Z" },
    { url = "https://files.pythonhosted.org/packages/e3/8b/1dea3b1e683c60c77a60f710215f90f486755962aa8939dbcb7c0f975ac3/pydantic_core-2.46.1-cp314-cp314t-manylinux_2_5_i686.manylinux1_i686.whl", hash = "sha256:6f32c41ca1e3456b5dd691827b7c1433c12d5f0058cc186afbb3615bc07d97b8", size = 2168658, upload-time = "2026-04-15T14:52:24.897Z" },
    { url = "https://files.pythonhosted.org/packages/67/97/32ae283810910d274d5ba9f48f856f5f2f612410b78b249f302d297816f5/pydantic_core-2.46.1-cp314-cp314t-musllinux_1_1_aarch64.whl", hash = "sha256:88cd1355578852db83954dc36e4f58f299646916da976147c20cf6892ba5dc43", size = 2171184, upload-time = "2026-04-15T14:52:34.854Z" },
    { url = "https://files.pythonhosted.org/packages/a2/57/c9a855527fe56c2072070640221f53095b0b19eaf651f3c77643c9cabbe3/pydantic_core-2.46.1-cp314-cp314t-musllinux_1_1_armv7l.whl", hash = "sha256:a170fefdb068279a473cc9d34848b85e61d68bfcc2668415b172c5dfc6f213bf", size = 2316573, upload-time = "2026-04-15T14:52:12.871Z" },
    { url = "https://files.pythonhosted.org/packages/37/b3/14c39ffc7399819c5448007c7bcb4e6da5669850cfb7dcbb727594290b48/pydantic_core-2.46.1-cp314-cp314t-musllinux_1_1_x86_64.whl", hash = "sha256:556a63ff1006934dba4eed7ea31b58274c227e29298ec398e4275eda4b905e95", size = 2378340, upload-time = "2026-04-15T14:51:02.619Z" },
    { url = "https://files.pythonhosted.org/packages/01/55/a37461fbb29c053ea4e62cfc5c2d56425cb5efbef8316e63f6d84ae45718/pydantic_core-2.46.1-cp314-cp314t-win32.whl", hash = "sha256:3b146d8336a995f7d7da6d36e4a779b7e7dff2719ac00a1eb8bd3ded00bec87b", size = 1960843, upload-time = "2026-04-15T14:52:06.103Z" },
    { url = "https://files.pythonhosted.org/packages/22/d7/97e1221197d17a27f768363f87ec061519eeeed15bbd315d2e9d1429ff03/pydantic_core-2.46.1-cp314-cp314t-win_amd64.whl", hash = "sha256:f1bc856c958e6fe9ec071e210afe6feb695f2e2e81fd8d2b102f558d364c4c17", size = 2048696, upload-time = "2026-04-15T14:52:52.154Z" },
    { url = "https://files.pythonhosted.org/packages/19/d5/4eac95255c7d35094b46a32ec1e4d80eac94729c694726ee1d69948bd5f0/pydantic_core-2.46.1-cp314-cp314t-win_arm64.whl", hash = "sha256:21a5bfd8a1aa4de60494cdf66b0c912b1495f26a8899896040021fbd6038d989", size = 2022343, upload-time = "2026-04-15T14:49:49.036Z" },
]

[[package]]
name = "pygments"
version = "2.20.0"
source = { registry = "https://pypi.org/simple" }
sdist = { url = "https://files.pythonhosted.org/packages/c3/b2/bc9c9196916376152d655522fdcebac55e66de6603a76a02bca1b6414f6c/pygments-2.20.0.tar.gz", hash = "sha256:6757cd03768053ff99f3039c1a36d6c0aa0b263438fcab17520b30a303a82b5f", size = 4955991, upload-time = "2026-03-29T13:29:33.898Z" }
wheels = [
    { url = "https://files.pythonhosted.org/packages/f4/7e/a72dd26f3b0f4f2bf1dd8923c85f7ceb43172af56d63c7383eb62b332364/pygments-2.20.0-py3-none-any.whl", hash = "sha256:81a9e26dd42fd28a23a2d169d86d7ac03b46e2f8b59ed4698fb4785f946d0176", size = 1231151, upload-time = "2026-03-29T13:29:30.038Z" },
]

[[package]]
name = "pymdown-extensions"
version = "10.21.2"
source = { registry = "https://pypi.org/simple" }
dependencies = [
    { name = "markdown" },
    { name = "pyyaml" },
]
sdist = { url = "https://files.pythonhosted.org/packages/df/08/f1c908c581fd11913da4711ea7ba32c0eee40b0190000996bb863b0c9349/pymdown_extensions-10.21.2.tar.gz", hash = "sha256:c3f55a5b8a1d0edf6699e35dcbea71d978d34ff3fa79f3d807b8a5b3fa90fbdc", size = 853922, upload-time = "2026-03-29T15:01:55.233Z" }
wheels = [
    { url = "https://files.pythonhosted.org/packages/f7/27/a2fc51a4a122dfd1015e921ae9d22fee3d20b0b8080d9a704578bf9deece/pymdown_extensions-10.21.2-py3-none-any.whl", hash = "sha256:5c0fd2a2bea14eb39af8ff284f1066d898ab2187d81b889b75d46d4348c01638", size = 268901, upload-time = "2026-03-29T15:01:53.244Z" },
]

[[package]]
name = "pytest"
version = "9.0.3"
source = { registry = "https://pypi.org/simple" }
dependencies = [
    { name = "colorama", marker = "sys_platform == 'win32'" },
    { name = "iniconfig" },
    { name = "packaging" },
    { name = "pluggy" },
    { name = "pygments" },
]
sdist = { url = "https://files.pythonhosted.org/packages/7d/0d/549bd94f1a0a402dc8cf64563a117c0f3765662e2e668477624baeec44d5/pytest-9.0.3.tar.gz", hash = "sha256:b86ada508af81d19edeb213c681b1d48246c1a91d304c6c81a427674c17eb91c", size = 1572165, upload-time = "2026-04-07T17:16:18.027Z" }
wheels = [
    { url = "https://files.pythonhosted.org/packages/d4/24/a372aaf5c9b7208e7112038812994107bc65a84cd00e0354a88c2c77a617/pytest-9.0.3-py3-none-any.whl", hash = "sha256:2c5efc453d45394fdd706ade797c0a81091eccd1d6e4bccfcd476e2b8e0ab5d9", size = 375249, upload-time = "2026-04-07T17:16:16.13Z" },
]

[[package]]
name = "pytest-asyncio"
version = "1.3.0"
source = { registry = "https://pypi.org/simple" }
dependencies = [
    { name = "pytest" },
]
sdist = { url = "https://files.pythonhosted.org/packages/90/2c/8af215c0f776415f3590cac4f9086ccefd6fd463befeae41cd4d3f193e5a/pytest_asyncio-1.3.0.tar.gz", hash = "sha256:d7f52f36d231b80ee124cd216ffb19369aa168fc10095013c6b014a34d3ee9e5", size = 50087, upload-time = "2025-11-10T16:07:47.256Z" }
wheels = [
    { url = "https://files.pythonhosted.org/packages/e5/35/f8b19922b6a25bc0880171a2f1a003eaeb93657475193ab516fd87cac9da/pytest_asyncio-1.3.0-py3-none-any.whl", hash = "sha256:611e26147c7f77640e6d0a92a38ed17c3e9848063698d5c93d5aa7aa11cebff5", size = 15075, upload-time = "2025-11-10T16:07:45.537Z" },
]

[[package]]
name = "pyyaml"
version = "6.0.3"
source = { registry = "https://pypi.org/simple" }
sdist = { url = "https://files.pythonhosted.org/packages/05/8e/961c0007c59b8dd7729d542c61a4d537767a59645b82a0b521206e1e25c2/pyyaml-6.0.3.tar.gz", hash = "sha256:d76623373421df22fb4cf8817020cbb7ef15c725b9d5e45f17e189bfc384190f", size = 130960, upload-time = "2025-09-25T21:33:16.546Z" }
wheels = [
    { url = "https://files.pythonhosted.org/packages/9d/8c/f4bd7f6465179953d3ac9bc44ac1a8a3e6122cf8ada906b4f96c60172d43/pyyaml-6.0.3-cp314-cp314-macosx_10_13_x86_64.whl", hash = "sha256:8d1fab6bb153a416f9aeb4b8763bc0f22a5586065f86f7664fc23339fc1c1fac", size = 181814, upload-time = "2025-09-25T21:32:35.712Z" },
    { url = "https://files.pythonhosted.org/packages/bd/9c/4d95bb87eb2063d20db7b60faa3840c1b18025517ae857371c4dd55a6b3a/pyyaml-6.0.3-cp314-cp314-macosx_11_0_arm64.whl", hash = "sha256:34d5fcd24b8445fadc33f9cf348c1047101756fd760b4dacb5c3e99755703310", size = 173809, upload-time = "2025-09-25T21:32:36.789Z" },
    { url = "https://files.pythonhosted.org/packages/92/b5/47e807c2623074914e29dabd16cbbdd4bf5e9b2db9f8090fa64411fc5382/pyyaml-6.0.3-cp314-cp314-manylinux2014_aarch64.manylinux_2_17_aarch64.manylinux_2_28_aarch64.whl", hash = "sha256:501a031947e3a9025ed4405a168e6ef5ae3126c59f90ce0cd6f2bfc477be31b7", size = 766454, upload-time = "2025-09-25T21:32:37.966Z" },
    { url = "https://files.pythonhosted.org/packages/02/9e/e5e9b168be58564121efb3de6859c452fccde0ab093d8438905899a3a483/pyyaml-6.0.3-cp314-cp314-manylinux2014_s390x.manylinux_2_17_s390x.manylinux_2_28_s390x.whl", hash = "sha256:b3bc83488de33889877a0f2543ade9f70c67d66d9ebb4ac959502e12de895788", size = 836355, upload-time = "2025-09-25T21:32:39.178Z" },
    { url = "https://files.pythonhosted.org/packages/88/f9/16491d7ed2a919954993e48aa941b200f38040928474c9e85ea9e64222c3/pyyaml-6.0.3-cp314-cp314-manylinux2014_x86_64.manylinux_2_17_x86_64.manylinux_2_28_x86_64.whl", hash = "sha256:c458b6d084f9b935061bc36216e8a69a7e293a2f1e68bf956dcd9e6cbcd143f5", size = 794175, upload-time = "2025-09-25T21:32:40.865Z" },
    { url = "https://files.pythonhosted.org/packages/dd/3f/5989debef34dc6397317802b527dbbafb2b4760878a53d4166579111411e/pyyaml-6.0.3-cp314-cp314-musllinux_1_2_aarch64.whl", hash = "sha256:7c6610def4f163542a622a73fb39f534f8c101d690126992300bf3207eab9764", size = 755228, upload-time = "2025-09-25T21:32:42.084Z" },
    { url = "https://files.pythonhosted.org/packages/d7/ce/af88a49043cd2e265be63d083fc75b27b6ed062f5f9fd6cdc223ad62f03e/pyyaml-6.0.3-cp314-cp314-musllinux_1_2_x86_64.whl", hash = "sha256:5190d403f121660ce8d1d2c1bb2ef1bd05b5f68533fc5c2ea899bd15f4399b35", size = 789194, upload-time = "2025-09-25T21:32:43.362Z" },
    { url = "https://files.pythonhosted.org/packages/23/20/bb6982b26a40bb43951265ba29d4c246ef0ff59c9fdcdf0ed04e0687de4d/pyyaml-6.0.3-cp314-cp314-win_amd64.whl", hash = "sha256:4a2e8cebe2ff6ab7d1050ecd59c25d4c8bd7e6f400f5f82b96557ac0abafd0ac", size = 156429, upload-time = "2025-09-25T21:32:57.844Z" },
    { url = "https://files.pythonhosted.org/packages/f4/f4/a4541072bb9422c8a883ab55255f918fa378ecf083f5b85e87fc2b4eda1b/pyyaml-6.0.3-cp314-cp314-win_arm64.whl", hash = "sha256:93dda82c9c22deb0a405ea4dc5f2d0cda384168e466364dec6255b293923b2f3", size = 143912, upload-time = "2025-09-25T21:32:59.247Z" },
    { url = "https://files.pythonhosted.org/packages/7c/f9/07dd09ae774e4616edf6cda684ee78f97777bdd15847253637a6f052a62f/pyyaml-6.0.3-cp314-cp314t-macosx_10_13_x86_64.whl", hash = "sha256:02893d100e99e03eda1c8fd5c441d8c60103fd175728e23e431db1b589cf5ab3", size = 189108, upload-time = "2025-09-25T21:32:44.377Z" },
    { url = "https://files.pythonhosted.org/packages/4e/78/8d08c9fb7ce09ad8c38ad533c1191cf27f7ae1effe5bb9400a46d9437fcf/pyyaml-6.0.3-cp314-cp314t-macosx_11_0_arm64.whl", hash = "sha256:c1ff362665ae507275af2853520967820d9124984e0f7466736aea23d8611fba", size = 183641, upload-time = "2025-09-25T21:32:45.407Z" },
    { url = "https://files.pythonhosted.org/packages/7b/5b/3babb19104a46945cf816d047db2788bcaf8c94527a805610b0289a01c6b/pyyaml-6.0.3-cp314-cp314t-manylinux2014_aarch64.manylinux_2_17_aarch64.manylinux_2_28_aarch64.whl", hash = "sha256:6adc77889b628398debc7b65c073bcb99c4a0237b248cacaf3fe8a557563ef6c", size = 831901, upload-time = "2025-09-25T21:32:48.83Z" },
    { url = "https://files.pythonhosted.org/packages/8b/cc/dff0684d8dc44da4d22a13f35f073d558c268780ce3c6ba1b87055bb0b87/pyyaml-6.0.3-cp314-cp314t-manylinux2014_s390x.manylinux_2_17_s390x.manylinux_2_28_s390x.whl", hash = "sha256:a80cb027f6b349846a3bf6d73b5e95e782175e52f22108cfa17876aaeff93702", size = 861132, upload-time = "2025-09-25T21:32:50.149Z" },
    { url = "https://files.pythonhosted.org/packages/b1/5e/f77dc6b9036943e285ba76b49e118d9ea929885becb0a29ba8a7c75e29fe/pyyaml-6.0.3-cp314-cp314t-manylinux2014_x86_64.manylinux_2_17_x86_64.manylinux_2_28_x86_64.whl", hash = "sha256:00c4bdeba853cc34e7dd471f16b4114f4162dc03e6b7afcc2128711f0eca823c", size = 839261, upload-time = "2025-09-25T21:32:51.808Z" },
    { url = "https://files.pythonhosted.org/packages/ce/88/a9db1376aa2a228197c58b37302f284b5617f56a5d959fd1763fb1675ce6/pyyaml-6.0.3-cp314-cp314t-musllinux_1_2_aarch64.whl", hash = "sha256:66e1674c3ef6f541c35191caae2d429b967b99e02040f5ba928632d9a7f0f065", size = 805272, upload-time = "2025-09-25T21:32:52.941Z" },
    { url = "https://files.pythonhosted.org/packages/da/92/1446574745d74df0c92e6aa4a7b0b3130706a4142b2d1a5869f2eaa423c6/pyyaml-6.0.3-cp314-cp314t-musllinux_1_2_x86_64.whl", hash = "sha256:16249ee61e95f858e83976573de0f5b2893b3677ba71c9dd36b9cf8be9ac6d65", size = 829923, upload-time = "2025-09-25T21:32:54.537Z" },
    { url = "https://files.pythonhosted.org/packages/f0/7a/1c7270340330e575b92f397352af856a8c06f230aa3e76f86b39d01b416a/pyyaml-6.0.3-cp314-cp314t-win_amd64.whl", hash = "sha256:4ad1906908f2f5ae4e5a8ddfce73c320c2a1429ec52eafd27138b7f1cbe341c9", size = 174062, upload-time = "2025-09-25T21:32:55.767Z" },
    { url = "https://files.pythonhosted.org/packages/f1/12/de94a39c2ef588c7e6455cfbe7343d3b2dc9d6b6b2f40c4c6565744c873d/pyyaml-6.0.3-cp314-cp314t-win_arm64.whl", hash = "sha256:ebc55a14a21cb14062aa4162f906cd962b28e2e9ea38f9b4391244cd8de4ae0b", size = 149341, upload-time = "2025-09-25T21:32:56.828Z" },
]

[[package]]
name = "rillo"
version = "0.2.2"
source = { editable = "." }
dependencies = [
    { name = "pydantic" },
]

[package.optional-dependencies]
nats = [
    { name = "nats-py" },
]

[package.dev-dependencies]
dev = [
    { name = "poethepoet" },
    { name = "pytest" },
    { name = "pytest-asyncio" },
    { name = "ruff" },
    { name = "ty" },
    { name = "zensical" },
]

[package.metadata]
requires-dist = [
    { name = "nats-py", marker = "extra == 'nats'", specifier = ">=2.14.0" },
    { name = "pydantic", specifier = ">=2.13.1" },
]
provides-extras = ["nats"]

[package.metadata.requires-dev]
dev = [
    { name = "poethepoet", specifier = ">=0.44.0" },
    { name = "pytest", specifier = ">=9.0.3" },
    { name = "pytest-asyncio", specifier = ">=1.3.0" },
    { name = "ruff", specifier = ">=0.15.11" },
    { name = "ty", specifier = ">=0.0.31" },
    { name = "zensical", specifier = ">=0.0.33" },
]

[[package]]
name = "ruff"
version = "0.15.11"
source = { registry = "https://pypi.org/simple" }
sdist = { url = "https://files.pythonhosted.org/packages/e4/8d/192f3d7103816158dfd5ea50d098ef2aec19194e6cbccd4b3485bdb2eb2d/ruff-0.15.11.tar.gz", hash = "sha256:f092b21708bf0e7437ce9ada249dfe688ff9a0954fc94abab05dcea7dcd29c33", size = 4637264, upload-time = "2026-04-16T18:46:26.58Z" }
wheels = [
    { url = "https://files.pythonhosted.org/packages/02/1e/6aca3427f751295ab011828e15e9bf452200ac74484f1db4be0197b8170b/ruff-0.15.11-py3-none-linux_armv6l.whl", hash = "sha256:e927cfff503135c558eb581a0c9792264aae9507904eb27809cdcff2f2c847b7", size = 10607943, upload-time = "2026-04-16T18:46:05.967Z" },
    { url = "https://files.pythonhosted.org/packages/e7/26/1341c262e74f36d4e84f3d6f4df0ac68cd53331a66bfc5080daa17c84c0b/ruff-0.15.11-py3-none-macosx_10_12_x86_64.whl", hash = "sha256:7a1b5b2938d8f890b76084d4fa843604d787a912541eae85fd7e233398bbb73e", size = 10988592, upload-time = "2026-04-16T18:46:00.742Z" },
    { url = "https://files.pythonhosted.org/packages/03/71/850b1d6ffa9564fbb6740429bad53df1094082fe515c8c1e74b6d8d05f18/ruff-0.15.11-py3-none-macosx_11_0_arm64.whl", hash = "sha256:d4176f3d194afbdaee6e41b9ccb1a2c287dba8700047df474abfbe773825d1cb", size = 10338501, upload-time = "2026-04-16T18:46:03.723Z" },
    { url = "https://files.pythonhosted.org/packages/f2/11/cc1284d3e298c45a817a6aadb6c3e1d70b45c9b36d8d9cce3387b495a03a/ruff-0.15.11-py3-none-manylinux_2_17_aarch64.manylinux2014_aarch64.whl", hash = "sha256:3b17c886fb88203ced3afe7f14e8d5ae96e9d2f4ccc0ee66aa19f2c2675a27e4", size = 10670693, upload-time = "2026-04-16T18:46:41.941Z" },
    { url = "https://files.pythonhosted.org/packages/ce/9e/f8288b034ab72b371513c13f9a41d9ba3effac54e24bfb467b007daee2ca/ruff-0.15.11-py3-none-manylinux_2_17_armv7l.manylinux2014_armv7l.whl", hash = "sha256:49fafa220220afe7758a487b048de4c8f9f767f37dfefad46b9dd06759d003eb", size = 10416177, upload-time = "2026-04-16T18:46:21.717Z" },
    { url = "https://files.pythonhosted.org/packages/85/71/504d79abfd3d92532ba6bbe3d1c19fada03e494332a59e37c7c2dabae427/ruff-0.15.11-py3-none-manylinux_2_17_i686.manylinux2014_i686.whl", hash = "sha256:f2ab8427e74a00d93b8bda1307b1e60970d40f304af38bccb218e056c220120d", size = 11221886, upload-time = "2026-04-16T18:46:15.086Z" },
    { url = "https://files.pythonhosted.org/packages/43/5a/947e6ab7a5ad603d65b474be15a4cbc6d29832db5d762cd142e4e3a74164/ruff-0.15.11-py3-none-manylinux_2_17_ppc64le.manylinux2014_ppc64le.whl", hash = "sha256:195072c0c8e1fc8f940652073df082e37a5d9cb43b4ab1e4d0566ab8977a13b7", size = 12075183, upload-time = "2026-04-16T18:46:07.944Z" },
    { url = "https://files.pythonhosted.org/packages/9f/a1/0b7bb6268775fdd3a0818aee8efd8f5b4e231d24dd4d528ced2534023182/ruff-0.15.11-py3-none-manylinux_2_17_s390x.manylinux2014_s390x.whl", hash = "sha256:a3a0996d486af3920dec930a2e7daed4847dfc12649b537a9335585ada163e9e", size = 11516575, upload-time = "2026-04-16T18:46:31.687Z" },
    { url = "https://files.pythonhosted.org/packages/30/c3/bb5168fc4d233cc06e95f482770d0f3c87945a0cd9f614b90ea8dc2f2833/ruff-0.15.11-py3-none-manylinux_2_17_x86_64.manylinux2014_x86_64.whl", hash = "sha256:1bef2cb556d509259f1fe440bb9cd33c756222cf0a7afe90d15edf0866702431", size = 11306537, upload-time = "2026-04-16T18:46:36.988Z" },
    { url = "https://files.pythonhosted.org/packages/e4/92/4cfae6441f3967317946f3b788136eecf093729b94d6561f963ed810c82e/ruff-0.15.11-py3-none-manylinux_2_31_riscv64.whl", hash = "sha256:030d921a836d7d4a12cf6e8d984a88b66094ccb0e0f17ddd55067c331191bf19", size = 11296813, upload-time = "2026-04-16T18:46:24.182Z" },
    { url = "https://files.pythonhosted.org/packages/43/26/972784c5dde8313acde8ac71ba8ac65475b85db4a2352a76c9934361f9bc/ruff-0.15.11-py3-none-musllinux_1_2_aarch64.whl", hash = "sha256:0e783b599b4577788dbbb66b9addcef87e9a8832f4ce0c19e34bf55543a2f890", size = 10633136, upload-time = "2026-04-16T18:46:39.802Z" },
    { url = "https://files.pythonhosted.org/packages/5b/53/3985a4f185020c2f367f2e08a103032e12564829742a1b417980ce1514a0/ruff-0.15.11-py3-none-musllinux_1_2_armv7l.whl", hash = "sha256:ae90592246625ba4a34349d68ec28d4400d75182b71baa196ddb9f82db025ef5", size = 10424701, upload-time = "2026-04-16T18:46:10.381Z" },
    { url = "https://files.pythonhosted.org/packages/d3/57/bf0dfb32241b56c83bb663a826133da4bf17f682ba8c096973065f6e6a68/ruff-0.15.11-py3-none-musllinux_1_2_i686.whl", hash = "sha256:1f111d62e3c983ed20e0ca2e800f8d77433a5b1161947df99a5c2a3fb60514f0", size = 10873887, upload-time = "2026-04-16T18:46:29.157Z" },
    { url = "https://files.pythonhosted.org/packages/02/05/e48076b2a57dc33ee8c7a957296f97c744ca891a8ffb4ffb1aaa3b3f517d/ruff-0.15.11-py3-none-musllinux_1_2_x86_64.whl", hash = "sha256:06f483d6646f59eaffba9ae30956370d3a886625f511a3108994000480621d1c", size = 11404316, upload-time = "2026-04-16T18:46:19.462Z" },
    { url = "https://files.pythonhosted.org/packages/88/27/0195d15fe7a897cbcba0904792c4b7c9fdd958456c3a17d2ea6093716a9a/ruff-0.15.11-py3-none-win32.whl", hash = "sha256:476a2aa56b7da0b73a3ee80b6b2f0e19cce544245479adde7baa65466664d5f3", size = 10655535, upload-time = "2026-04-16T18:46:12.47Z" },
    { url = "https://files.pythonhosted.org/packages/3a/5e/c927b325bd4c1d3620211a4b96f47864633199feed60fa936025ab27e090/ruff-0.15.11-py3-none-win_amd64.whl", hash = "sha256:8b6756d88d7e234fb0c98c91511aae3cd519d5e3ed271cae31b20f39cb2a12a3", size = 11779692, upload-time = "2026-04-16T18:46:17.268Z" },
    { url = "https://files.pythonhosted.org/packages/63/b6/aeadee5443e49baa2facd51131159fd6301cc4ccfc1541e4df7b021c37dd/ruff-0.15.11-py3-none-win_arm64.whl", hash = "sha256:063fed18cc1bbe0ee7393957284a6fe8b588c6a406a285af3ee3f46da2391ee4", size = 11032614, upload-time = "2026-04-16T18:46:34.487Z" },
]

[[package]]
name = "ty"
version = "0.0.31"
source = { registry = "https://pypi.org/simple" }
sdist = { url = "https://files.pythonhosted.org/packages/31/cc/5ea5d3a72216c8c2bf77d83066dd4f3553532d0aacc03d4a8397dd9845e1/ty-0.0.31.tar.gz", hash = "sha256:4a4094292d9671caf3b510c7edf36991acd9c962bb5d97205374ffed9f541c45", size = 5516619, upload-time = "2026-04-15T15:47:59.87Z" }
wheels = [
    { url = "https://files.pythonhosted.org/packages/b0/10/ea805cbbd75d5d50792551a2b383de8521eeab0c44f38c73e12819ced65e/ty-0.0.31-py3-none-linux_armv6l.whl", hash = "sha256:761651dc17ad7bc0abfc1b04b3f0e84df263ed435d34f29760b3da739ab02d35", size = 10834749, upload-time = "2026-04-15T15:48:14.877Z" },
    { url = "https://files.pythonhosted.org/packages/d9/4c/fabf951850401d24d36b21bced088a366c6827e1c37dab4523afff84c4b2/ty-0.0.31-py3-none-macosx_10_12_x86_64.whl", hash = "sha256:c529922395a07231c27488f0290651e05d27d149f7e0aa807678f1f7e9c58a5e", size = 10626012, upload-time = "2026-04-15T15:48:22.554Z" },
    { url = "https://files.pythonhosted.org/packages/04/b0/4a5aff88d2544f19514a59c8f693d63144aa7307fe2ee5df608333ab5460/ty-0.0.31-py3-none-macosx_11_0_arm64.whl", hash = "sha256:5f345df2b87d747859e72c2cbc9be607ea1bbc8bc93dd32fa3d03ea091cb4fee", size = 10075790, upload-time = "2026-04-15T15:47:46.959Z" },
    { url = "https://files.pythonhosted.org/packages/d5/73/9d4dcad12cd4e85274014f2c0510ef93f590b2a1e5148de3a9f276098dad/ty-0.0.31-py3-none-manylinux_2_17_aarch64.manylinux2014_aarch64.whl", hash = "sha256:d4b207eddcfbafd376132689d3435b14efcb531289cb59cd961c6a611133bd54", size = 10590286, upload-time = "2026-04-15T15:48:06.222Z" },
    { url = "https://files.pythonhosted.org/packages/47/45/fe40adde18692359ded174ae7ddbfac056e876eb0f43b65be74fde7f6072/ty-0.0.31-py3-none-manylinux_2_17_armv7l.manylinux2014_armv7l.whl", hash = "sha256:663778b220f357067488ce68bfc52335ccbd161549776f70dcbde6bbde82f77a", size = 10623824, upload-time = "2026-04-15T15:48:12.965Z" },
    { url = "https://files.pythonhosted.org/packages/2e/e8/0ffa2e09b548e6daa9ebc368d68b767dc2405ca4cbeadb7ede0e2cb21059/ty-0.0.31-py3-none-manylinux_2_17_i686.manylinux2014_i686.whl", hash = "sha256:3506cfe87dfade0fb2960dd4fffd4fd8089003587b3445c0a1a295c9d83764fb", size = 11156864, upload-time = "2026-04-15T15:48:08.473Z" },
    { url = "https://files.pythonhosted.org/packages/08/e9/fd44c2075115d569593ee9473d7e2a38b750fd7e783421c95eb528c15df5/ty-0.0.31-py3-none-manylinux_2_17_ppc64le.manylinux2014_ppc64le.whl", hash = "sha256:8b3f3d8492f08e81916026354c1d1599e9ddfa1241804141a74d5662fc710085", size = 11696401, upload-time = "2026-04-15T15:48:17.355Z" },
    { url = "https://files.pythonhosted.org/packages/4e/50/35aad8eadf964d23e2a4faa5b38a206aa85c78833c8ce335dddd2c34ba63/ty-0.0.31-py3-none-manylinux_2_17_s390x.manylinux2014_s390x.whl", hash = "sha256:a97de32ee6a619393a4c495e056a1c547de7877510f3152e61345c71d774d2d0", size = 11374903, upload-time = "2026-04-15T15:47:55.893Z" },
    { url = "https://files.pythonhosted.org/packages/c8/37/01eccd25d23f5aaa7f7ff1a87b5b215469f6b202cf689a1812b71c1e7f6b/ty-0.0.31-py3-none-manylinux_2_17_x86_64.manylinux2014_x86_64.whl", hash = "sha256:c906354ce441e342646582bc9b8f48a676f79f3d061e25de15ff870e015ca14e", size = 11206624, upload-time = "2026-04-15T15:47:51.778Z" },
    { url = "https://files.pythonhosted.org/packages/f4/70/baad2914cb097453f127a221f8addb2b41926098059cd773c75e6a662fc4/ty-0.0.31-py3-none-musllinux_1_2_aarch64.whl", hash = "sha256:275bb7c82afcbf89fe2dbef1b2692f2bc98451f1ee2c8eb809ddd91317822388", size = 10575089, upload-time = "2026-04-15T15:47:49.448Z" },
    { url = "https://files.pythonhosted.org/packages/83/12/bae3a7bba2e785eb72ce00f9da70eedcb8c5e8299efecbd16e6e436abd82/ty-0.0.31-py3-none-musllinux_1_2_armv7l.whl", hash = "sha256:405da247027c6efd1e264886b6ac4a86ab3a4f09200b02e33630efe85f119e53", size = 10642315, upload-time = "2026-04-15T15:48:19.661Z" },
    { url = "https://files.pythonhosted.org/packages/93/9e/cad04d5d839bc60355cea98c7e09d724ea65f47184def0fae8b90dc54591/ty-0.0.31-py3-none-musllinux_1_2_i686.whl", hash = "sha256:54d9835608eed196853d6643f645c50ce83bcc7fe546cdb3e210c1bcf7c58c09", size = 10834473, upload-time = "2026-04-15T15:48:02.091Z" },
    { url = "https://files.pythonhosted.org/packages/e3/ba/84112d280182d37690d3d2b4018b2667e42bc281585e607015635310016a/ty-0.0.31-py3-none-musllinux_1_2_x86_64.whl", hash = "sha256:5ee11be9b07e8c0c6b455ff075a0abe4f194de9476f57624db98eec9df618355", size = 11315785, upload-time = "2026-04-15T15:48:10.754Z" },
    { url = "https://files.pythonhosted.org/packages/50/9f/ac42dc223d7e0950e97a1854567a8b3e7fe09ad7375adbf91bfb43290482/ty-0.0.31-py3-none-win32.whl", hash = "sha256:7286587aacf3eef0956062d6492b893b02f82b0f22c5e230008e13ff0d216a8b", size = 10187657, upload-time = "2026-04-15T15:48:04.264Z" },
    { url = "https://files.pythonhosted.org/packages/75/3e/57ba7ea7ecb2f4751644ba91756e2be70e33ef5952c0c41a256a0e4c2437/ty-0.0.31-py3-none-win_amd64.whl", hash = "sha256:81134e25d2a2562ab372f24de8f9bd05034d27d30377a5d7540f259791c6234c", size = 11205258, upload-time = "2026-04-15T15:47:53.759Z" },
    { url = "https://files.pythonhosted.org/packages/88/39/bca669095ccf0a400af941fdf741578d4c2d6719f1b7f10e6dbec10aa862/ty-0.0.31-py3-none-win_arm64.whl", hash = "sha256:e9cb15fad26545c6a608f40f227af3a5513cb376998ca6feddd47ca7d93ffafa", size = 10590392, upload-time = "2026-04-15T15:47:57.968Z" },
]

[[package]]
name = "typing-extensions"
version = "4.15.0"
source = { registry = "https://pypi.org/simple" }
sdist = { url = "https://files.pythonhosted.org/packages/72/94/1a15dd82efb362ac84269196e94cf00f187f7ed21c242792a923cdb1c61f/typing_extensions-4.15.0.tar.gz", hash = "sha256:0cea48d173cc12fa28ecabc3b837ea3cf6f38c6d1136f85cbaaf598984861466", size = 109391, upload-time = "2025-08-25T13:49:26.313Z" }
wheels = [
    { url = "https://files.pythonhosted.org/packages/18/67/36e9267722cc04a6b9f15c7f3441c2363321a3ea07da7ae0c0707beb2a9c/typing_extensions-4.15.0-py3-none-any.whl", hash = "sha256:f0fa19c6845758ab08074a0cfa8b7aecb71c999ca73d62883bc25cc018c4e548", size = 44614, upload-time = "2025-08-25T13:49:24.86Z" },
]

[[package]]
name = "typing-inspection"
version = "0.4.2"
source = { registry = "https://pypi.org/simple" }
dependencies = [
    { name = "typing-extensions" },
]
sdist = { url = "https://files.pythonhosted.org/packages/55/e3/70399cb7dd41c10ac53367ae42139cf4b1ca5f36bb3dc6c9d33acdb43655/typing_inspection-0.4.2.tar.gz", hash = "sha256:ba561c48a67c5958007083d386c3295464928b01faa735ab8547c5692e87f464", size = 75949, upload-time = "2025-10-01T02:14:41.687Z" }
wheels = [
    { url = "https://files.pythonhosted.org/packages/dc/9b/47798a6c91d8bdb567fe2698fe81e0c6b7cb7ef4d13da4114b41d239f65d/typing_inspection-0.4.2-py3-none-any.whl", hash = "sha256:4ed1cacbdc298c220f1bd249ed5287caa16f34d44ef4e9c3d0cbad5b521545e7", size = 14611, upload-time = "2025-10-01T02:14:40.154Z" },
]

[[package]]
name = "zensical"
version = "0.0.33"
source = { registry = "https://pypi.org/simple" }
dependencies = [
    { name = "click" },
    { name = "deepmerge" },
    { name = "markdown" },
    { name = "pygments" },
    { name = "pymdown-extensions" },
    { name = "pyyaml" },
]
sdist = { url = "https://files.pythonhosted.org/packages/59/c2/dea4b86dc1ca2a7b55414017f12cfb12b5cfdf3a1ed7c77a04c271eb523b/zensical-0.0.33.tar.gz", hash = "sha256:05209cb4f80185c533e0d37c25d084ddc2050e3d5a4dd1b1812961c2ee0c3380", size = 3892278, upload-time = "2026-04-14T11:08:19.895Z" }
wheels = [
    { url = "https://files.pythonhosted.org/packages/74/5f/45d5200405420a9d8ac91cf9e7826622ea12f3198e8e6ac4ffb481eb53bf/zensical-0.0.33-cp310-abi3-macosx_10_12_x86_64.whl", hash = "sha256:f658e3c241cfbb560bd8811116a9486cff7e04d7d5aed73569dd533c74187450", size = 12416748, upload-time = "2026-04-14T11:07:43.246Z" },
    { url = "https://files.pythonhosted.org/packages/33/1e/aadaf31d6e4d20419ecedaf0b1c804e359ec23dcdb44c8d2bf6d8407080c/zensical-0.0.33-cp310-abi3-macosx_11_0_arm64.whl", hash = "sha256:f9813ac3256c28e2e2f1ba5c9fab1b4bca62bbe0e0f8e85ac22d33b068b1b08a", size = 12293372, upload-time = "2026-04-14T11:07:46.569Z" },
    { url = "https://files.pythonhosted.org/packages/db/e5/838be8451ea8b2aecec39fbec3971060fc705e17f5741249740d9b6a6824/zensical-0.0.33-cp310-abi3-manylinux_2_17_aarch64.manylinux2014_aarch64.whl", hash = "sha256:3bad7ac71028769c5d1f3f84f448dbb7352db28d77095d1b40a8d1b0aa34ec30", size = 12659832, upload-time = "2026-04-14T11:07:50.754Z" },
    { url = "https://files.pythonhosted.org/packages/1e/5c/dd957d7c83efc13a70a6058d4190a3afcf29942aefb391120bca5466347d/zensical-0.0.33-cp310-abi3-manylinux_2_17_armv7l.manylinux2014_armv7l.whl", hash = "sha256:06bb039daf044547c9400a52f9493b3cd486ba9baef3324fdcffd2e26e61105f", size = 12603847, upload-time = "2026-04-14T11:07:53.698Z" },
    { url = "https://files.pythonhosted.org/packages/b7/99/dd6ccc392ece1f34fb20ea339a01717badbbeb2fba1d4f3019a5028d0bcc/zensical-0.0.33-cp310-abi3-manylinux_2_17_i686.manylinux2014_i686.whl", hash = "sha256:260238062b3139ece0edab93f4dbe7a12923453091f5aa580dfd73e799388076", size = 12956236, upload-time = "2026-04-14T11:07:56.728Z" },
    { url = "https://files.pythonhosted.org/packages/f4/76/e0a1b884eadf6afa7e2d56c90c268eec36836ac27e96ef250c0129e55417/zensical-0.0.33-cp310-abi3-manylinux_2_17_x86_64.manylinux2014_x86_64.whl", hash = "sha256:7dff0f4afda7b8586bc4ab2a5684bce5b282232dd4e0cad3be4c73fedd264425", size = 12701944, upload-time = "2026-04-14T11:07:59.928Z" },
    { url = "https://files.pythonhosted.org/packages/38/38/e1ff13461e406864fa2b23fc828822659a7dbac5c79398f724d17f088540/zensical-0.0.33-cp310-abi3-musllinux_1_2_aarch64.whl", hash = "sha256:207b4d81b208d75b97dc7bd318804550b886a3e852ef67429ef0e6b9442839d1", size = 12835444, upload-time = "2026-04-14T11:08:02.998Z" },
    { url = "https://files.pythonhosted.org/packages/41/04/7d24d52d6903fc5c511633afe8b5716fef19da09685327665cc127f61648/zensical-0.0.33-cp310-abi3-musllinux_1_2_armv7l.whl", hash = "sha256:06d2f57f7bc8cc8fd904386020ea1365eebc411e8698a871e9525c885abca574", size = 12878419, upload-time = "2026-04-14T11:08:06.054Z" },
    { url = "https://files.pythonhosted.org/packages/9a/ec/87fc9e360c694ab006363c7834639eccafd0d26a487cd63dd609bd68f36a/zensical-0.0.33-cp310-abi3-musllinux_1_2_i686.whl", hash = "sha256:c2851b82d83aa0b2ae4f8e99731cfeedeecebfa04e6b3fc4d375deca629fa240", size = 13022474, upload-time = "2026-04-14T11:08:09.007Z" },
    { url = "https://files.pythonhosted.org/packages/10/b3/0bf174ab6ceedb31d9af462073b5339c894b2084a27d42cb9f0906050d76/zensical-0.0.33-cp310-abi3-musllinux_1_2_x86_64.whl", hash = "sha256:90daaf512b0429d7b9147ad5e6085b455d24803eff18b508aed738ca65444683", size = 12975233, upload-time = "2026-04-14T11:08:12.535Z" },
    { url = "https://files.pythonhosted.org/packages/a9/27/7cc3c2d284698647f60f3b823e0101e619c87edf158d47ee11bf4bfb6228/zensical-0.0.33-cp310-abi3-win32.whl", hash = "sha256:2701820597fe19361a12371129927c58c19633dcaa5f6986d610dce58cecd8c4", size = 12012664, upload-time = "2026-04-14T11:08:14.977Z" },
    { url = "https://files.pythonhosted.org/packages/25/0b/6be5c2fdaf9f1600577e7ba5e235d86b72a26f6af389efb146f978f76ac3/zensical-0.0.33-cp310-abi3-win_amd64.whl", hash = "sha256:a5a0911b4247708a55951b74c459f4d5faec5daaf287d23a2e1f0d96be1e647f", size = 12206255, upload-time = "2026-04-14T11:08:17.375Z" },
]
